
Microsoft Visual Studio Solution File, Format Version 12.00
# Visual Studio Version 16
VisualStudioVersion = 16.0.30225.117
MinimumVisualStudioVersion = 10.0.40219.1
Project("{8BC9CEB8-8B4A-11D0-8D11-00A0C91BC942}") = "Dll1", "Dll1\Dll1.vcxproj", "{65FE2CBE-2A72-416B-AFB3-A69788C8FEFB}"
EndProject
Global
	GlobalSection(SolutionConfigurationPlatforms) = preSolution
		Debug|x64 = Debug|x64
		Debug|x86 = Debug|x86
		Release|x64 = Release|x64
		Release|x86 = Release|x86
	EndGlobalSection
	GlobalSection(ProjectConfigurationPlatforms) = postSolution
		{65FE2CBE-2A72-416B-AFB3-A69788C8FEFB}.Debug|x64.ActiveCfg = Debug|x64
		{65FE2CBE-2A72-416B-AFB3-A69788C8FEFB}.Debug|x64.Build.0 = Debug|x64
		{65FE2CBE-2A72-416B-AFB3-A69788C8FEFB}.Debug|x86.ActiveCfg = Debug|Win32
		{65FE2CBE-2A72-416B-AFB3-A69788C8FEFB}.Debug|x86.Build.0 = Debug|Win32
		{65FE2CBE-2A72-416B-AFB3-A69788C8FEFB}.Release|x64.ActiveCfg = Release|x64
		{65FE2CBE-2A72-416B-AFB3-A69788C8FEFB}.Release|x64.Build.0 = Release|x64
		{65FE2CBE-2A72-416B-AFB3-A69788C8FEFB}.Release|x86.ActiveCfg = Release|Win32
		{65FE2CBE-2A72-416B-AFB3-A69788C8FEFB}.Release|x86.Build.0 = Release|Win32
	EndGlobalSection
	GlobalSection(SolutionProperties) = preSolution
		HideSolutionNode = FALSE
	EndGlobalSection
	GlobalSection(ExtensibilityGlobals) = postSolution
		SolutionGuid = {CA804BB7-E5A5-4F71-BC8F-5805BAE65459}
	EndGlobalSection
EndGlobal
